
Microsoft Visual Studio Solution File, Format Version 12.00
# Visual Studio Version 17
VisualStudioVersion = 17.9.34723.18
MinimumVisualStudioVersion = 10.0.40219.1
Project("{FAE04EC0-301F-11D3-BF4B-00C04F79EFBC}") = "Kreta.Console", "Kreta.Console.csproj", "{72D56F8A-A9CC-4F19-B0D7-A604905AD6D4}"
EndProject
Global
	GlobalSection(SolutionConfigurationPlatforms) = preSolution
		Debug|Any CPU = Debug|Any CPU
		Release|Any CPU = Release|Any CPU
	EndGlobalSection
	GlobalSection(ProjectConfigurationPlatforms) = postSolution
		{72D56F8A-A9CC-4F19-B0D7-A604905AD6D4}.Debug|Any CPU.ActiveCfg = Debug|Any CPU
		{72D56F8A-A9CC-4F19-B0D7-A604905AD6D4}.Debug|Any CPU.Build.0 = Debug|Any CPU
		{72D56F8A-A9CC-4F19-B0D7-A604905AD6D4}.Release|Any CPU.ActiveCfg = Release|Any CPU
		{72D56F8A-A9CC-4F19-B0D7-A604905AD6D4}.Release|Any CPU.Build.0 = Release|Any CPU
	EndGlobalSection
	GlobalSection(SolutionProperties) = preSolution
		HideSolutionNode = FALSE
	EndGlobalSection
	GlobalSection(ExtensibilityGlobals) = postSolution
		SolutionGuid = {B5731905-EBD1-413D-94F9-C6E5829E8D92}
	EndGlobalSection
EndGlobal
